version = 1
revision = 3
requires-python = "==3.11.9"

[[package]]
name = "choreographer"
version = "1.2.0"
source = { registry = "https://pypi.org/simple" }
dependencies = [
    { name = "logistro" },
    { name = "simplejson" },
]
sdist = { url = "https://files.pythonhosted.org/packages/c0/3a/1188b57af6d96a6dad9418a10d00e20109d3ac64db0545205222b53306ee/choreographer-1.2.0.tar.gz", hash = "sha256:c94eaf6eb3dbc81d68e1476139e69e9e072f4e90fcae1990e5c988d15079d346", size = 45001, upload-time = "2025-10-23T00:32:57.11Z" }
wheels = [
    { url = "https://files.pythonhosted.org/packages/54/b9/c3693aa56c0da6acd66b553837b16a770b4feaf0df9bafc203ab2e42eeb9/choreographer-1.2.0-py3-none-any.whl", hash = "sha256:00892baf912fc08b169488a56a9000d61c221d7a024eb4726dc623bc2e2f1b07", size = 56361, upload-time = "2025-10-23T00:32:55.694Z" },
]

[[package]]
name = "colorama"
version = "0.4.6"
source = { registry = "https://pypi.org/simple" }
sdist = { url = "https://files.pythonhosted.org/packages/d8/53/6f443c9a4a8358a93a6792e2acffb9d9d5cb0a5cfd8802644b7b1c9a02e4/colorama-0.4.6.tar.gz", hash = "sha256:08695f5cb7ed6e0531a20572697297273c47b8cae5a63ffc6d6ed5c201be6e44", size = 27697, upload-time = "2022-10-25T02:36:22.414Z" }
wheels = [
    { url = "https://files.pythonhosted.org/packages/d1/d6/3965ed04c63042e047cb6a3e6ed1a63a35087b6a609aa3a15ed8ac56c221/colorama-0.4.6-py2.py3-none-any.whl", hash = "sha256:4f1d9991f5acc0ca119f9d443620b77f9d6b33703e51011c16baf57afb285fc6", size = 25335, upload-time = "2022-10-25T02:36:20.889Z" },
]

[[package]]
name = "iniconfig"
version = "2.3.0"
source = { registry = "https://pypi.org/simple" }
sdist = { url = "https://files.pythonhosted.org/packages/72/34/14ca021ce8e5dfedc35312d08ba8bf51fdd999c576889fc2c24cb97f4f10/iniconfig-2.3.0.tar.gz", hash = "sha256:c76315c77db068650d49c5b56314774a7804df16fee4402c1f19d6d15d8c4730", size = 20503, upload-time = "2025-10-18T21:55:43.219Z" }
wheels = [
    { url = "https://files.pythonhosted.org/packages/cb/b1/3846dd7f199d53cb17f49cba7e651e9ce294d8497c8c150530ed11865bb8/iniconfig-2.3.0-py3-none-any.whl", hash = "sha256:f631c04d2c48c52b84d0d0549c99ff3859c98df65b3101406327ecc7d53fbf12", size = 7484, upload-time = "2025-10-18T21:55:41.639Z" },
]

[[package]]
name = "kaleido"
version = "1.1.0"
source = { registry = "https://pypi.org/simple" }
dependencies = [
    { name = "choreographer" },
    { name = "logistro" },
    { name = "orjson" },
    { name = "packaging" },
    { name = "pytest-timeout" },
]
sdist = { url = "https://files.pythonhosted.org/packages/49/0c/3624462629aeb9f5bb043583848ce300b4315e8249b393c494c84149b953/kaleido-1.1.0.tar.gz", hash = "sha256:5747703a56d4c034efa69abea4a9c2bfe8ef516ba848e0ec485c65b3b0ab52b6", size = 62044, upload-time = "2025-09-10T19:31:13.925Z" }
wheels = [
    { url = "https://files.pythonhosted.org/packages/5a/bf/10b009e3b96a803f25af126951bc167402354d765006a94d11ba46a2f667/kaleido-1.1.0-py3-none-any.whl", hash = "sha256:839ed2357b89dd2f93c478960f41c401fe4038d404ae33e2fdbde028c18d7430", size = 66347, upload-time = "2025-09-10T19:31:12.869Z" },
]

[[package]]
name = "logistro"
version = "2.0.0"
source = { registry = "https://pypi.org/simple" }
sdist = { url = "https://files.pythonhosted.org/packages/51/8d/1a31c02f24dd375a435afad1e05484d4e4e8b01ca93b3623fad573b8a74a/logistro-2.0.0.tar.gz", hash = "sha256:8aec9a8c5842ce649e0767c7515b8d26142a11e6732ca806de496b6e371e1f15", size = 8334, upload-time = "2025-10-13T21:17:26.739Z" }
wheels = [
    { url = "https://files.pythonhosted.org/packages/a5/90/50013940afa674abeacccab37f7ee43b798eaec2606cf6a27af113974c9a/logistro-2.0.0-py3-none-any.whl", hash = "sha256:cfd18f9a4083f778519dd0e28a779389cdef0773d11cd7d3d0c136f803aa3330", size = 8487, upload-time = "2025-10-13T21:17:25.638Z" },
]

[[package]]
name = "narwhals"
version = "2.9.0"
source = { registry = "https://pypi.org/simple" }
sdist = { url = "https://files.pythonhosted.org/packages/b7/95/aa46616f5e567ff5d262f4c207d5ca79cb2766010c786c351b8e7f930ef4/narwhals-2.9.0.tar.gz", hash = "sha256:d8cde40a6a8a7049d8e66608b7115ab19464acc6f305d136a8dc8ba396c4acfe", size = 584098, upload-time = "2025-10-20T12:19:16.893Z" }
wheels = [
    { url = "https://files.pythonhosted.org/packages/13/34/00c7ae8194074ed82b64e0bb7c24220eac5f77ac90c16e23cf0d2cfd2a03/narwhals-2.9.0-py3-none-any.whl", hash = "sha256:c59f7de4763004ae81691ce16df71b4e55aead0ead7ccde8c8f2ef8c9559c765", size = 422255, upload-time = "2025-10-20T12:19:15.228Z" },
]

[[package]]
name = "numpy"
version = "2.3.4"
source = { registry = "https://pypi.org/simple" }
sdist = { url = "https://files.pythonhosted.org/packages/b5/f4/098d2270d52b41f1bd7db9fc288aaa0400cb48c2a3e2af6fa365d9720947/numpy-2.3.4.tar.gz", hash = "sha256:a7d018bfedb375a8d979ac758b120ba846a7fe764911a64465fd87b8729f4a6a", size = 20582187, upload-time = "2025-10-15T16:18:11.77Z" }
wheels = [
    { url = "https://files.pythonhosted.org/packages/60/e7/0e07379944aa8afb49a556a2b54587b828eb41dc9adc56fb7615b678ca53/numpy-2.3.4-cp311-cp311-macosx_10_9_x86_64.whl", hash = "sha256:e78aecd2800b32e8347ce49316d3eaf04aed849cd5b38e0af39f829a4e59f5eb", size = 21259519, upload-time = "2025-10-15T16:15:19.012Z" },
    { url = "https://files.pythonhosted.org/packages/d0/cb/5a69293561e8819b09e34ed9e873b9a82b5f2ade23dce4c51dc507f6cfe1/numpy-2.3.4-cp311-cp311-macosx_11_0_arm64.whl", hash = "sha256:7fd09cc5d65bda1e79432859c40978010622112e9194e581e3415a3eccc7f43f", size = 14452796, upload-time = "2025-10-15T16:15:23.094Z" },
    { url = "https://files.pythonhosted.org/packages/e4/04/ff11611200acd602a1e5129e36cfd25bf01ad8e5cf927baf2e90236eb02e/numpy-2.3.4-cp311-cp311-macosx_14_0_arm64.whl", hash = "sha256:1b219560ae2c1de48ead517d085bc2d05b9433f8e49d0955c82e8cd37bd7bf36", size = 5381639, upload-time = "2025-10-15T16:15:25.572Z" },
    { url = "https://files.pythonhosted.org/packages/ea/77/e95c757a6fe7a48d28a009267408e8aa382630cc1ad1db7451b3bc21dbb4/numpy-2.3.4-cp311-cp311-macosx_14_0_x86_64.whl", hash = "sha256:bafa7d87d4c99752d07815ed7a2c0964f8ab311eb8168f41b910bd01d15b6032", size = 6914296, upload-time = "2025-10-15T16:15:27.079Z" },
    { url = "https://files.pythonhosted.org/packages/a3/d2/137c7b6841c942124eae921279e5c41b1c34bab0e6fc60c7348e69afd165/numpy-2.3.4-cp311-cp311-manylinux_2_27_aarch64.manylinux_2_28_aarch64.whl", hash = "sha256:36dc13af226aeab72b7abad501d370d606326a0029b9f435eacb3b8c94b8a8b7", size = 14591904, upload-time = "2025-10-15T16:15:29.044Z" },
    { url = "https://files.pythonhosted.org/packages/bb/32/67e3b0f07b0aba57a078c4ab777a9e8e6bc62f24fb53a2337f75f9691699/numpy-2.3.4-cp311-cp311-manylinux_2_27_x86_64.manylinux_2_28_x86_64.whl", hash = "sha256:a7b2f9a18b5ff9824a6af80de4f37f4ec3c2aab05ef08f51c77a093f5b89adda", size = 16939602, upload-time = "2025-10-15T16:15:31.106Z" },
    { url = "https://files.pythonhosted.org/packages/95/22/9639c30e32c93c4cee3ccdb4b09c2d0fbff4dcd06d36b357da06146530fb/numpy-2.3.4-cp311-cp311-musllinux_1_2_aarch64.whl", hash = "sha256:9984bd645a8db6ca15d850ff996856d8762c51a2239225288f08f9050ca240a0", size = 16372661, upload-time = "2025-10-15T16:15:33.546Z" },
    { url = "https://files.pythonhosted.org/packages/12/e9/a685079529be2b0156ae0c11b13d6be647743095bb51d46589e95be88086/numpy-2.3.4-cp311-cp311-musllinux_1_2_x86_64.whl", hash = "sha256:64c5825affc76942973a70acf438a8ab618dbd692b84cd5ec40a0a0509edc09a", size = 18884682, upload-time = "2025-10-15T16:15:36.105Z" },
    { url = "https://files.pythonhosted.org/packages/cf/85/f6f00d019b0cc741e64b4e00ce865a57b6bed945d1bbeb1ccadbc647959b/numpy-2.3.4-cp311-cp311-win32.whl", hash = "sha256:ed759bf7a70342f7817d88376eb7142fab9fef8320d6019ef87fae05a99874e1", size = 6570076, upload-time = "2025-10-15T16:15:38.225Z" },
    { url = "https://files.pythonhosted.org/packages/7d/10/f8850982021cb90e2ec31990291f9e830ce7d94eef432b15066e7cbe0bec/numpy-2.3.4-cp311-cp311-win_amd64.whl", hash = "sha256:faba246fb30ea2a526c2e9645f61612341de1a83fb1e0c5edf4ddda5a9c10996", size = 13089358, upload-time = "2025-10-15T16:15:40.404Z" },
    { url = "https://files.pythonhosted.org/packages/d1/ad/afdd8351385edf0b3445f9e24210a9c3971ef4de8fd85155462fc4321d79/numpy-2.3.4-cp311-cp311-win_arm64.whl", hash = "sha256:4c01835e718bcebe80394fd0ac66c07cbb90147ebbdad3dcecd3f25de2ae7e2c", size = 10462292, upload-time = "2025-10-15T16:15:42.896Z" },
    { url = "https://files.pythonhosted.org/packages/b1/b6/64898f51a86ec88ca1257a59c1d7fd077b60082a119affefcdf1dd0df8ca/numpy-2.3.4-pp311-pypy311_pp73-macosx_10_15_x86_64.whl", hash = "sha256:6e274603039f924c0fe5cb73438fa9246699c78a6df1bd3decef9ae592ae1c05", size = 21131552, upload-time = "2025-10-15T16:17:55.845Z" },
    { url = "https://files.pythonhosted.org/packages/ce/4c/f135dc6ebe2b6a3c77f4e4838fa63d350f85c99462012306ada1bd4bc460/numpy-2.3.4-pp311-pypy311_pp73-macosx_11_0_arm64.whl", hash = "sha256:d149aee5c72176d9ddbc6803aef9c0f6d2ceeea7626574fc68518da5476fa346", size = 14377796, upload-time = "2025-10-15T16:17:58.308Z" },
    { url = "https://files.pythonhosted.org/packages/d0/a4/f33f9c23fcc13dd8412fc8614559b5b797e0aba9d8e01dfa8bae10c84004/numpy-2.3.4-pp311-pypy311_pp73-macosx_14_0_arm64.whl", hash = "sha256:6d34ed9db9e6395bb6cd33286035f73a59b058169733a9db9f85e650b88df37e", size = 5306904, upload-time = "2025-10-15T16:18:00.596Z" },
    { url = "https://files.pythonhosted.org/packages/28/af/c44097f25f834360f9fb960fa082863e0bad14a42f36527b2a121abdec56/numpy-2.3.4-pp311-pypy311_pp73-macosx_14_0_x86_64.whl", hash = "sha256:fdebe771ca06bb8d6abce84e51dca9f7921fe6ad34a0c914541b063e9a68928b", size = 6819682, upload-time = "2025-10-15T16:18:02.32Z" },
    { url = "https://files.pythonhosted.org/packages/c5/8c/cd283b54c3c2b77e188f63e23039844f56b23bba1712318288c13fe86baf/numpy-2.3.4-pp311-pypy311_pp73-manylinux_2_27_aarch64.manylinux_2_28_aarch64.whl", hash = "sha256:957e92defe6c08211eb77902253b14fe5b480ebc5112bc741fd5e9cd0608f847", size = 14422300, upload-time = "2025-10-15T16:18:04.271Z" },
    { url = "https://files.pythonhosted.org/packages/b0/f0/8404db5098d92446b3e3695cf41c6f0ecb703d701cb0b7566ee2177f2eee/numpy-2.3.4-pp311-pypy311_pp73-manylinux_2_27_x86_64.manylinux_2_28_x86_64.whl", hash = "sha256:13b9062e4f5c7ee5c7e5be96f29ba71bc5a37fed3d1d77c37390ae00724d296d", size = 16760806, upload-time = "2025-10-15T16:18:06.668Z" },
    { url = "https://files.pythonhosted.org/packages/95/8e/2844c3959ce9a63acc7c8e50881133d86666f0420bcde695e115ced0920f/numpy-2.3.4-pp311-pypy311_pp73-win_amd64.whl", hash = "sha256:81b3a59793523e552c4a96109dde028aa4448ae06ccac5a76ff6532a85558a7f", size = 12973130, upload-time = "2025-10-15T16:18:09.397Z" },
]

[[package]]
name = "orjson"
version = "3.11.4"
source = { registry = "https://pypi.org/simple" }
sdist = { url = "https://files.pythonhosted.org/packages/c6/fe/ed708782d6709cc60eb4c2d8a361a440661f74134675c72990f2c48c785f/orjson-3.11.4.tar.gz", hash = "sha256:39485f4ab4c9b30a3943cfe99e1a213c4776fb69e8abd68f66b83d5a0b0fdc6d", size = 5945188, upload-time = "2025-10-24T15:50:38.027Z" }
wheels = [
    { url = "https://files.pythonhosted.org/packages/63/1d/1ea6005fffb56715fd48f632611e163d1604e8316a5bad2288bee9a1c9eb/orjson-3.11.4-cp311-cp311-macosx_10_15_x86_64.macosx_11_0_arm64.macosx_10_15_universal2.whl", hash = "sha256:5e59d23cd93ada23ec59a96f215139753fbfe3a4d989549bcb390f8c00370b39", size = 243498, upload-time = "2025-10-24T15:48:48.101Z" },
    { url = "https://files.pythonhosted.org/packages/37/d7/ffed10c7da677f2a9da307d491b9eb1d0125b0307019c4ad3d665fd31f4f/orjson-3.11.4-cp311-cp311-macosx_15_0_arm64.whl", hash = "sha256:5c3aedecfc1beb988c27c79d52ebefab93b6c3921dbec361167e6559aba2d36d", size = 128961, upload-time = "2025-10-24T15:48:49.571Z" },
    { url = "https://files.pythonhosted.org/packages/a2/96/3e4d10a18866d1368f73c8c44b7fe37cc8a15c32f2a7620be3877d4c55a3/orjson-3.11.4-cp311-cp311-manylinux_2_17_aarch64.manylinux2014_aarch64.whl", hash = "sha256:da9e5301f1c2caa2a9a4a303480d79c9ad73560b2e7761de742ab39fe59d9175", size = 130321, upload-time = "2025-10-24T15:48:50.713Z" },
    { url = "https://files.pythonhosted.org/packages/eb/1f/465f66e93f434f968dd74d5b623eb62c657bdba2332f5a8be9f118bb74c7/orjson-3.11.4-cp311-cp311-manylinux_2_17_armv7l.manylinux2014_armv7l.whl", hash = "sha256:8873812c164a90a79f65368f8f96817e59e35d0cc02786a5356f0e2abed78040", size = 129207, upload-time = "2025-10-24T15:48:52.193Z" },
    { url = "https://files.pythonhosted.org/packages/28/43/d1e94837543321c119dff277ae8e348562fe8c0fafbb648ef7cb0c67e521/orjson-3.11.4-cp311-cp311-manylinux_2_17_i686.manylinux2014_i686.whl", hash = "sha256:5d7feb0741ebb15204e748f26c9638e6665a5fa93c37a2c73d64f1669b0ddc63", size = 136323, upload-time = "2025-10-24T15:48:54.806Z" },
    { url = "https://files.pythonhosted.org/packages/bf/04/93303776c8890e422a5847dd012b4853cdd88206b8bbd3edc292c90102d1/orjson-3.11.4-cp311-cp311-manylinux_2_17_ppc64le.manylinux2014_ppc64le.whl", hash = "sha256:01ee5487fefee21e6910da4c2ee9eef005bee568a0879834df86f888d2ffbdd9", size = 137440, upload-time = "2025-10-24T15:48:56.326Z" },
    { url = "https://files.pythonhosted.org/packages/1e/ef/75519d039e5ae6b0f34d0336854d55544ba903e21bf56c83adc51cd8bf82/orjson-3.11.4-cp311-cp311-manylinux_2_17_s390x.manylinux2014_s390x.whl", hash = "sha256:3d40d46f348c0321df01507f92b95a377240c4ec31985225a6668f10e2676f9a", size = 136680, upload-time = "2025-10-24T15:48:57.476Z" },
    { url = "https://files.pythonhosted.org/packages/b5/18/bf8581eaae0b941b44efe14fee7b7862c3382fbc9a0842132cfc7cf5ecf4/orjson-3.11.4-cp311-cp311-manylinux_2_17_x86_64.manylinux2014_x86_64.whl", hash = "sha256:95713e5fc8af84d8edc75b785d2386f653b63d62b16d681687746734b4dfc0be", size = 136160, upload-time = "2025-10-24T15:48:59.631Z" },
    { url = "https://files.pythonhosted.org/packages/c4/35/a6d582766d351f87fc0a22ad740a641b0a8e6fc47515e8614d2e4790ae10/orjson-3.11.4-cp311-cp311-musllinux_1_2_aarch64.whl", hash = "sha256:ad73ede24f9083614d6c4ca9a85fe70e33be7bf047ec586ee2363bc7418fe4d7", size = 140318, upload-time = "2025-10-24T15:49:00.834Z" },
    { url = "https://files.pythonhosted.org/packages/76/b3/5a4801803ab2e2e2d703bce1a56540d9f99a9143fbec7bf63d225044fef8/orjson-3.11.4-cp311-cp311-musllinux_1_2_armv7l.whl", hash = "sha256:842289889de515421f3f224ef9c1f1efb199a32d76d8d2ca2706fa8afe749549", size = 406330, upload-time = "2025-10-24T15:49:02.327Z" },
    { url = "https://files.pythonhosted.org/packages/80/55/a8f682f64833e3a649f620eafefee175cbfeb9854fc5b710b90c3bca45df/orjson-3.11.4-cp311-cp311-musllinux_1_2_i686.whl", hash = "sha256:3b2427ed5791619851c52a1261b45c233930977e7de8cf36de05636c708fa905", size = 149580, upload-time = "2025-10-24T15:49:03.517Z" },
    { url = "https://files.pythonhosted.org/packages/ad/e4/c132fa0c67afbb3eb88274fa98df9ac1f631a675e7877037c611805a4413/orjson-3.11.4-cp311-cp311-musllinux_1_2_x86_64.whl", hash = "sha256:3c36e524af1d29982e9b190573677ea02781456b2e537d5840e4538a5ec41907", size = 139846, upload-time = "2025-10-24T15:49:04.761Z" },
    { url = "https://files.pythonhosted.org/packages/54/06/dc3491489efd651fef99c5908e13951abd1aead1257c67f16135f95ce209/orjson-3.11.4-cp311-cp311-win32.whl", hash = "sha256:87255b88756eab4a68ec61837ca754e5d10fa8bc47dc57f75cedfeaec358d54c", size = 135781, upload-time = "2025-10-24T15:49:05.969Z" },
    { url = "https://files.pythonhosted.org/packages/79/b7/5e5e8d77bd4ea02a6ac54c42c818afb01dd31961be8a574eb79f1d2cfb1e/orjson-3.11.4-cp311-cp311-win_amd64.whl", hash = "sha256:e2d5d5d798aba9a0e1fede8d853fa899ce2cb930ec0857365f700dffc2c7af6a", size = 131391, upload-time = "2025-10-24T15:49:07.355Z" },
    { url = "https://files.pythonhosted.org/packages/0f/dc/9484127cc1aa213be398ed735f5f270eedcb0c0977303a6f6ddc46b60204/orjson-3.11.4-cp311-cp311-win_arm64.whl", hash = "sha256:6bb6bb41b14c95d4f2702bce9975fda4516f1db48e500102fc4d8119032ff045", size = 126252, upload-time = "2025-10-24T15:49:08.869Z" },
]

[[package]]
name = "packaging"
version = "25.0"
source = { registry = "https://pypi.org/simple" }
sdist = { url = "https://files.pythonhosted.org/packages/a1/d4/1fc4078c65507b51b96ca8f8c3ba19e6a61c8253c72794544580a7b6c24d/packaging-25.0.tar.gz", hash = "sha256:d443872c98d677bf60f6a1f2f8c1cb748e8fe762d2bf9d3148b5599295b0fc4f", size = 165727, upload-time = "2025-04-19T11:48:59.673Z" }
wheels = [
    { url = "https://files.pythonhosted.org/packages/20/12/38679034af332785aac8774540895e234f4d07f7545804097de4b666afd8/packaging-25.0-py3-none-any.whl", hash = "sha256:29572ef2b1f17581046b3a2227d5c611fb25ec70ca1ba8554b24b0e69331a484", size = 66469, upload-time = "2025-04-19T11:48:57.875Z" },
]

[[package]]
name = "plotly"
version = "6.3.1"
source = { registry = "https://pypi.org/simple" }
dependencies = [
    { name = "narwhals" },
    { name = "packaging" },
]
sdist = { url = "https://files.pythonhosted.org/packages/0c/63/961d47c9ffd592a575495891cdcf7875dc0903ebb33ac238935714213789/plotly-6.3.1.tar.gz", hash = "sha256:dd896e3d940e653a7ce0470087e82c2bd903969a55e30d1b01bb389319461bb0", size = 6956460, upload-time = "2025-10-02T16:10:34.16Z" }
wheels = [
    { url = "https://files.pythonhosted.org/packages/3f/93/023955c26b0ce614342d11cc0652f1e45e32393b6ab9d11a664a60e9b7b7/plotly-6.3.1-py3-none-any.whl", hash = "sha256:8b4420d1dcf2b040f5983eed433f95732ed24930e496d36eb70d211923532e64", size = 9833698, upload-time = "2025-10-02T16:10:22.584Z" },
]

[[package]]
name = "pluggy"
version = "1.6.0"
source = { registry = "https://pypi.org/simple" }
sdist = { url = "https://files.pythonhosted.org/packages/f9/e2/3e91f31a7d2b083fe6ef3fa267035b518369d9511ffab804f839851d2779/pluggy-1.6.0.tar.gz", hash = "sha256:7dcc130b76258d33b90f61b658791dede3486c3e6bfb003ee5c9bfb396dd22f3", size = 69412, upload-time = "2025-05-15T12:30:07.975Z" }
wheels = [
    { url = "https://files.pythonhosted.org/packages/54/20/4d324d65cc6d9205fabedc306948156824eb9f0ee1633355a8f7ec5c66bf/pluggy-1.6.0-py3-none-any.whl", hash = "sha256:e920276dd6813095e9377c0bc5566d94c932c33b27a3e3945d8389c374dd4746", size = 20538, upload-time = "2025-05-15T12:30:06.134Z" },
]

[[package]]
name = "polars"
version = "1.34.0"
source = { registry = "https://pypi.org/simple" }
dependencies = [
    { name = "polars-runtime-32" },
]
sdist = { url = "https://files.pythonhosted.org/packages/a1/3e/35fcf5bf51404371bb172b289a5065778dc97adca4416e199c294125eb05/polars-1.34.0.tar.gz", hash = "sha256:5de5f871027db4b11bcf39215a2d6b13b4a80baf8a55c5862d4ebedfd5cd4013", size = 684309, upload-time = "2025-10-02T18:31:04.396Z" }
wheels = [
    { url = "https://files.pythonhosted.org/packages/6b/80/1791ac226bb989bef30fe8fde752b2021b6ec5dfd6e880262596aedf4c05/polars-1.34.0-py3-none-any.whl", hash = "sha256:40d2f357b4d9e447ad28bd2c9923e4318791a7c18eb68f31f1fbf11180f41391", size = 772686, upload-time = "2025-10-02T18:29:59.492Z" },
]

[[package]]
name = "polars-runtime-32"
version = "1.34.0"
source = { registry = "https://pypi.org/simple" }
sdist = { url = "https://files.pythonhosted.org/packages/02/10/1189afb14cc47ed215ccf7fbd00ed21c48edfd89e51c16f8628a33ae4b1b/polars_runtime_32-1.34.0.tar.gz", hash = "sha256:ebe6f865128a0d833f53a3f6828360761ad86d1698bceb22bef9fd999500dc1c", size = 2634491, upload-time = "2025-10-02T18:31:05.502Z" }
wheels = [
    { url = "https://files.pythonhosted.org/packages/97/35/bc4f1a9dcef61845e8e4e5d2318470b002b93a3564026f0643f562761ecb/polars_runtime_32-1.34.0-cp39-abi3-macosx_10_12_x86_64.whl", hash = "sha256:2878f9951e91121afe60c25433ef270b9a221e6ebf3de5f6642346b38cab3f03", size = 39655423, upload-time = "2025-10-02T18:30:02.846Z" },
    { url = "https://files.pythonhosted.org/packages/a6/bb/d655a103e75b7c81c47a3c2d276be0200c0c15cfb6fd47f17932ddcf7519/polars_runtime_32-1.34.0-cp39-abi3-macosx_11_0_arm64.whl", hash = "sha256:fbc329c7d34a924228cc5dcdbbd4696d94411a3a5b15ad8bb868634c204e1951", size = 35986049, upload-time = "2025-10-02T18:30:05.848Z" },
    { url = "https://files.pythonhosted.org/packages/9e/ce/11ca850b7862cb43605e5d86cdf655614376e0a059871cf8305af5406554/polars_runtime_32-1.34.0-cp39-abi3-manylinux_2_17_x86_64.manylinux2014_x86_64.whl", hash = "sha256:93fa51d88a2d12ea996a5747aad5647d22a86cce73c80f208e61f487b10bc448", size = 40261269, upload-time = "2025-10-02T18:30:08.48Z" },
    { url = "https://files.pythonhosted.org/packages/d8/25/77d12018c35489e19f7650b40679714a834effafc25d61e8dcee7c4fafce/polars_runtime_32-1.34.0-cp39-abi3-manylinux_2_24_aarch64.whl", hash = "sha256:79e4d696392c6d8d51f4347f0b167c52eef303c9d87093c0c68e8651198735b7", size = 37049077, upload-time = "2025-10-02T18:30:11.162Z" },
    { url = "https://files.pythonhosted.org/packages/e2/75/c30049d45ea1365151f86f650ed5354124ff3209f0abe588664c8eb13a31/polars_runtime_32-1.34.0-cp39-abi3-win_amd64.whl", hash = "sha256:2501d6b29d9001ea5ea2fd9b598787e10ddf45d8c4a87c2bead75159e8a15711", size = 40105782, upload-time = "2025-10-02T18:30:14.597Z" },
    { url = "https://files.pythonhosted.org/packages/a3/31/84efa27aa3478c8670bac1a720c8b1aee5c58c9c657c980e5e5c47fde883/polars_runtime_32-1.34.0-cp39-abi3-win_arm64.whl", hash = "sha256:f9ed1765378dfe0bcd1ac5ec570dd9eab27ea728bbc980cc9a76eebc55586559", size = 35873216, upload-time = "2025-10-02T18:30:17.439Z" },
]

[[package]]
name = "pygments"
version = "2.19.2"
source = { registry = "https://pypi.org/simple" }
sdist = { url = "https://files.pythonhosted.org/packages/b0/77/a5b8c569bf593b0140bde72ea885a803b82086995367bf2037de0159d924/pygments-2.19.2.tar.gz", hash = "sha256:636cb2477cec7f8952536970bc533bc43743542f70392ae026374600add5b887", size = 4968631, upload-time = "2025-06-21T13:39:12.283Z" }
wheels = [
    { url = "https://files.pythonhosted.org/packages/c7/21/705964c7812476f378728bdf590ca4b771ec72385c533964653c68e86bdc/pygments-2.19.2-py3-none-any.whl", hash = "sha256:86540386c03d588bb81d44bc3928634ff26449851e99741617ecb9037ee5ec0b", size = 1225217, upload-time = "2025-06-21T13:39:07.939Z" },
]

[[package]]
name = "pytest"
version = "8.4.2"
source = { registry = "https://pypi.org/simple" }
dependencies = [
    { name = "colorama", marker = "sys_platform == 'win32'" },
    { name = "iniconfig" },
    { name = "packaging" },
    { name = "pluggy" },
    { name = "pygments" },
]
sdist = { url = "https://files.pythonhosted.org/packages/a3/5c/00a0e072241553e1a7496d638deababa67c5058571567b92a7eaa258397c/pytest-8.4.2.tar.gz", hash = "sha256:86c0d0b93306b961d58d62a4db4879f27fe25513d4b969df351abdddb3c30e01", size = 1519618, upload-time = "2025-09-04T14:34:22.711Z" }
wheels = [
    { url = "https://files.pythonhosted.org/packages/a8/a4/20da314d277121d6534b3a980b29035dcd51e6744bd79075a6ce8fa4eb8d/pytest-8.4.2-py3-none-any.whl", hash = "sha256:872f880de3fc3a5bdc88a11b39c9710c3497a547cfa9320bc3c5e62fbf272e79", size = 365750, upload-time = "2025-09-04T14:34:20.226Z" },
]

[[package]]
name = "pytest-timeout"
version = "2.4.0"
source = { registry = "https://pypi.org/simple" }
dependencies = [
    { name = "pytest" },
]
sdist = { url = "https://files.pythonhosted.org/packages/ac/82/4c9ecabab13363e72d880f2fb504c5f750433b2b6f16e99f4ec21ada284c/pytest_timeout-2.4.0.tar.gz", hash = "sha256:7e68e90b01f9eff71332b25001f85c75495fc4e3a836701876183c4bcfd0540a", size = 17973, upload-time = "2025-05-05T19:44:34.99Z" }
wheels = [
    { url = "https://files.pythonhosted.org/packages/fa/b6/3127540ecdf1464a00e5a01ee60a1b09175f6913f0644ac748494d9c4b21/pytest_timeout-2.4.0-py3-none-any.whl", hash = "sha256:c42667e5cdadb151aeb5b26d114aff6bdf5a907f176a007a30b940d3d865b5c2", size = 14382, upload-time = "2025-05-05T19:44:33.502Z" },
]

[[package]]
name = "simplejson"
version = "3.20.2"
source = { registry = "https://pypi.org/simple" }
sdist = { url = "https://files.pythonhosted.org/packages/41/f4/a1ac5ed32f7ed9a088d62a59d410d4c204b3b3815722e2ccfb491fa8251b/simplejson-3.20.2.tar.gz", hash = "sha256:5fe7a6ce14d1c300d80d08695b7f7e633de6cd72c80644021874d985b3393649", size = 85784, upload-time = "2025-09-26T16:29:36.64Z" }
wheels = [
    { url = "https://files.pythonhosted.org/packages/b9/3e/96898c6c66d9dca3f9bd14d7487bf783b4acc77471b42f979babbb68d4ca/simplejson-3.20.2-cp311-cp311-macosx_10_9_universal2.whl", hash = "sha256:06190b33cd7849efc413a5738d3da00b90e4a5382fd3d584c841ac20fb828c6f", size = 92633, upload-time = "2025-09-26T16:27:45.028Z" },
    { url = "https://files.pythonhosted.org/packages/6b/a2/cd2e10b880368305d89dd540685b8bdcc136df2b3c76b5ddd72596254539/simplejson-3.20.2-cp311-cp311-macosx_10_9_x86_64.whl", hash = "sha256:4ad4eac7d858947a30d2c404e61f16b84d16be79eb6fb316341885bdde864fa8", size = 75309, upload-time = "2025-09-26T16:27:46.142Z" },
    { url = "https://files.pythonhosted.org/packages/5d/02/290f7282eaa6ebe945d35c47e6534348af97472446951dce0d144e013f4c/simplejson-3.20.2-cp311-cp311-macosx_11_0_arm64.whl", hash = "sha256:b392e11c6165d4a0fde41754a0e13e1d88a5ad782b245a973dd4b2bdb4e5076a", size = 75308, upload-time = "2025-09-26T16:27:47.542Z" },
    { url = "https://files.pythonhosted.org/packages/43/91/43695f17b69e70c4b0b03247aa47fb3989d338a70c4b726bbdc2da184160/simplejson-3.20.2-cp311-cp311-manylinux_2_17_aarch64.manylinux2014_aarch64.whl", hash = "sha256:51eccc4e353eed3c50e0ea2326173acdc05e58f0c110405920b989d481287e51", size = 143733, upload-time = "2025-09-26T16:27:48.673Z" },
    { url = "https://files.pythonhosted.org/packages/9b/4b/fdcaf444ac1c3cbf1c52bf00320c499e1cf05d373a58a3731ae627ba5e2d/simplejson-3.20.2-cp311-cp311-manylinux_2_17_ppc64le.manylinux2014_ppc64le.whl", hash = "sha256:306e83d7c331ad833d2d43c76a67f476c4b80c4a13334f6e34bb110e6105b3bd", size = 153397, upload-time = "2025-09-26T16:27:49.89Z" },
    { url = "https://files.pythonhosted.org/packages/c4/83/21550f81a50cd03599f048a2d588ffb7f4c4d8064ae091511e8e5848eeaa/simplejson-3.20.2-cp311-cp311-manylinux_2_5_i686.manylinux1_i686.manylinux_2_17_i686.manylinux2014_i686.whl", hash = "sha256:f820a6ac2ef0bc338ae4963f4f82ccebdb0824fe9caf6d660670c578abe01013", size = 141654, upload-time = "2025-09-26T16:27:51.168Z" },
    { url = "https://files.pythonhosted.org/packages/cf/54/d76c0e72ad02450a3e723b65b04f49001d0e73218ef6a220b158a64639cb/simplejson-3.20.2-cp311-cp311-manylinux_2_5_x86_64.manylinux1_x86_64.manylinux_2_17_x86_64.manylinux2014_x86_64.whl", hash = "sha256:21e7a066528a5451433eb3418184f05682ea0493d14e9aae690499b7e1eb6b81", size = 144913, upload-time = "2025-09-26T16:27:52.331Z" },
    { url = "https://files.pythonhosted.org/packages/3f/49/976f59b42a6956d4aeb075ada16ad64448a985704bc69cd427a2245ce835/simplejson-3.20.2-cp311-cp311-musllinux_1_2_aarch64.whl", hash = "sha256:438680ddde57ea87161a4824e8de04387b328ad51cfdf1eaf723623a3014b7aa", size = 144568, upload-time = "2025-09-26T16:27:53.41Z" },
    { url = "https://files.pythonhosted.org/packages/60/c7/30bae30424ace8cd791ca660fed454ed9479233810fe25c3f3eab3d9dc7b/simplejson-3.20.2-cp311-cp311-musllinux_1_2_i686.whl", hash = "sha256:cac78470ae68b8d8c41b6fca97f5bf8e024ca80d5878c7724e024540f5cdaadb", size = 146239, upload-time = "2025-09-26T16:27:54.502Z" },
    { url = "https://files.pythonhosted.org/packages/79/3e/7f3b7b97351c53746e7b996fcd106986cda1954ab556fd665314756618d2/simplejson-3.20.2-cp311-cp311-musllinux_1_2_ppc64le.whl", hash = "sha256:7524e19c2da5ef281860a3d74668050c6986be15c9dd99966034ba47c68828c2", size = 154497, upload-time = "2025-09-26T16:27:55.885Z" },
    { url = "https://files.pythonhosted.org/packages/1d/48/7241daa91d0bf19126589f6a8dcbe8287f4ed3d734e76fd4a092708947be/simplejson-3.20.2-cp311-cp311-musllinux_1_2_x86_64.whl", hash = "sha256:0e9b6d845a603b2eef3394eb5e21edb8626cd9ae9a8361d14e267eb969dbe413", size = 148069, upload-time = "2025-09-26T16:27:57.039Z" },
    { url = "https://files.pythonhosted.org/packages/e6/f4/ef18d2962fe53e7be5123d3784e623859eec7ed97060c9c8536c69d34836/simplejson-3.20.2-cp311-cp311-win32.whl", hash = "sha256:47d8927e5ac927fdd34c99cc617938abb3624b06ff86e8e219740a86507eb961", size = 74158, upload-time = "2025-09-26T16:27:58.265Z" },
    { url = "https://files.pythonhosted.org/packages/35/fd/3d1158ecdc573fdad81bf3cc78df04522bf3959758bba6597ba4c956c74d/simplejson-3.20.2-cp311-cp311-win_amd64.whl", hash = "sha256:ba4edf3be8e97e4713d06c3d302cba1ff5c49d16e9d24c209884ac1b8455520c", size = 75911, upload-time = "2025-09-26T16:27:59.292Z" },
    { url = "https://files.pythonhosted.org/packages/05/5b/83e1ff87eb60ca706972f7e02e15c0b33396e7bdbd080069a5d1b53cf0d8/simplejson-3.20.2-py3-none-any.whl", hash = "sha256:3b6bb7fb96efd673eac2e4235200bfffdc2353ad12c54117e1e4e2fc485ac017", size = 57309, upload-time = "2025-09-26T16:29:35.312Z" },
]

[[package]]
name = "youtube-cycling"
version = "0.1.0"
source = { virtual = "." }
dependencies = [
    { name = "kaleido" },
    { name = "numpy" },
    { name = "plotly" },
    { name = "polars" },
]

[package.metadata]
requires-dist = [
    { name = "kaleido" },
    { name = "numpy", specifier = "==2.3.4" },
    { name = "plotly", specifier = "==6.3.1" },
    { name = "polars", specifier = "==1.34.0" },
]
